
Microsoft Visual Studio Solution File, Format Version 12.00
# Visual Studio Version 17
VisualStudioVersion = 17.13.35931.197
MinimumVisualStudioVersion = 10.0.40219.1
Project("{FAE04EC0-301F-11D3-BF4B-00C04F79EFBC}") = "LnProxy", "LnProxy\LnProxy.csproj", "{055A117A-DC17-47F1-8154-A2FA5EA7DABB}"
EndProject
Project("{FAE04EC0-301F-11D3-BF4B-00C04F79EFBC}") = "ProxyModule", "ProxyModule\ProxyModule.csproj", "{4F79A094-3730-4F3D-A138-B66F66599F1C}"
EndProject
Project("{FAE04EC0-301F-11D3-BF4B-00C04F79EFBC}") = "NetworkModule", "NetworkModule\NetworkModule.csproj", "{6D760045-6C95-4823-AA83-C74D2C13797C}"
EndProject
Project("{FAE04EC0-301F-11D3-BF4B-00C04F79EFBC}") = "TestModule", "TestModule\TestModule.csproj", "{A2DDFC02-0B15-4211-8E63-FF462C906B21}"
EndProject
Project("{FAE04EC0-301F-11D3-BF4B-00C04F79EFBC}") = "IndexModule", "IndexModule\IndexModule.csproj", "{C752E87B-2CAD-4511-90E1-7C6F0DD43835}"
EndProject
Project("{FAE04EC0-301F-11D3-BF4B-00C04F79EFBC}") = "Ureg", "Ureg\Ureg.csproj", "{3E072F71-A982-40EA-8DC8-58AECCE0E60B}"
EndProject
Global
	GlobalSection(SolutionConfigurationPlatforms) = preSolution
		Debug|Any CPU = Debug|Any CPU
		Release|Any CPU = Release|Any CPU
	EndGlobalSection
	GlobalSection(ProjectConfigurationPlatforms) = postSolution
		{055A117A-DC17-47F1-8154-A2FA5EA7DABB}.Debug|Any CPU.ActiveCfg = Debug|Any CPU
		{055A117A-DC17-47F1-8154-A2FA5EA7DABB}.Debug|Any CPU.Build.0 = Debug|Any CPU
		{055A117A-DC17-47F1-8154-A2FA5EA7DABB}.Release|Any CPU.ActiveCfg = Release|Any CPU
		{055A117A-DC17-47F1-8154-A2FA5EA7DABB}.Release|Any CPU.Build.0 = Release|Any CPU
		{4F79A094-3730-4F3D-A138-B66F66599F1C}.Debug|Any CPU.ActiveCfg = Debug|Any CPU
		{4F79A094-3730-4F3D-A138-B66F66599F1C}.Debug|Any CPU.Build.0 = Debug|Any CPU
		{4F79A094-3730-4F3D-A138-B66F66599F1C}.Release|Any CPU.ActiveCfg = Release|Any CPU
		{4F79A094-3730-4F3D-A138-B66F66599F1C}.Release|Any CPU.Build.0 = Release|Any CPU
		{6D760045-6C95-4823-AA83-C74D2C13797C}.Debug|Any CPU.ActiveCfg = Debug|Any CPU
		{6D760045-6C95-4823-AA83-C74D2C13797C}.Debug|Any CPU.Build.0 = Debug|Any CPU
		{6D760045-6C95-4823-AA83-C74D2C13797C}.Release|Any CPU.ActiveCfg = Release|Any CPU
		{6D760045-6C95-4823-AA83-C74D2C13797C}.Release|Any CPU.Build.0 = Release|Any CPU
		{A2DDFC02-0B15-4211-8E63-FF462C906B21}.Debug|Any CPU.ActiveCfg = Debug|Any CPU
		{A2DDFC02-0B15-4211-8E63-FF462C906B21}.Debug|Any CPU.Build.0 = Debug|Any CPU
		{A2DDFC02-0B15-4211-8E63-FF462C906B21}.Release|Any CPU.ActiveCfg = Release|Any CPU
		{A2DDFC02-0B15-4211-8E63-FF462C906B21}.Release|Any CPU.Build.0 = Release|Any CPU
		{C752E87B-2CAD-4511-90E1-7C6F0DD43835}.Debug|Any CPU.ActiveCfg = Debug|Any CPU
		{C752E87B-2CAD-4511-90E1-7C6F0DD43835}.Debug|Any CPU.Build.0 = Debug|Any CPU
		{C752E87B-2CAD-4511-90E1-7C6F0DD43835}.Release|Any CPU.ActiveCfg = Release|Any CPU
		{C752E87B-2CAD-4511-90E1-7C6F0DD43835}.Release|Any CPU.Build.0 = Release|Any CPU
		{3E072F71-A982-40EA-8DC8-58AECCE0E60B}.Debug|Any CPU.ActiveCfg = Debug|Any CPU
		{3E072F71-A982-40EA-8DC8-58AECCE0E60B}.Debug|Any CPU.Build.0 = Debug|Any CPU
		{3E072F71-A982-40EA-8DC8-58AECCE0E60B}.Release|Any CPU.ActiveCfg = Release|Any CPU
		{3E072F71-A982-40EA-8DC8-58AECCE0E60B}.Release|Any CPU.Build.0 = Release|Any CPU
	EndGlobalSection
	GlobalSection(SolutionProperties) = preSolution
		HideSolutionNode = FALSE
	EndGlobalSection
	GlobalSection(ExtensibilityGlobals) = postSolution
		SolutionGuid = {71892244-6715-4B30-9EBD-E1B903ED993D}
	EndGlobalSection
EndGlobal
